{
    "_meta": {
        "hash": {
            "sha256": "1a9c9351116d46ef25086585532fc72701eec8ef8fa7bfef85872bbbb8bbf16d"
        },
        "host-environment-markers": {
            "implementation_name": "cpython",
            "implementation_version": "3.7.1",
            "os_name": "nt",
            "platform_machine": "AMD64",
            "platform_python_implementation": "CPython",
            "platform_release": "10",
            "platform_system": "Windows",
            "platform_version": "10.0.17134",
            "python_full_version": "3.7.1",
            "python_version": "3.7",
            "sys_platform": "win32"
        },
        "pipfile-spec": 6,
        "requires": {
            "python_version": "3.7"
        },
        "sources": [
            {
                "name": "pypi",
                "url": "https://pypi.org/simple",
                "verify_ssl": true
            }
        ]
    },
    "default": {
        "beautifulsoup4": {
            "hashes": [],
            "version": "==4.6.3"
        },
        "certifi": {
            "hashes": [],
            "version": "==2018.10.15"
        },
        "chardet": {
            "hashes": [],
            "version": "==3.0.4"
        },
        "cycler": {
            "hashes": [],
            "version": "==0.10.0"
        },
        "flake8": {
            "hashes": [],
            "version": "==3.6.0"
        },
        "idna": {
            "hashes": [],
            "version": "==2.7"
        },
        "kiwisolver": {
            "hashes": [],
            "version": "==1.0.1"
        },
        "matplotlib": {
            "hashes": [],
            "version": "==3.0.1"
        },
        "mccabe": {
            "hashes": [],
            "version": "==0.6.1"
        },
        "numpy": {
            "hashes": [],
            "version": "==1.15.3"
        },
        "pandas": {
            "hashes": [],
            "version": "==0.23.4"
        },
        "pycodestyle": {
            "hashes": [],
            "version": "==2.4.0"
        },
        "pyflakes": {
            "hashes": [],
            "version": "==2.0.0"
        },
        "pyparsing": {
            "hashes": [],
            "version": "==2.3.0"
        },
        "python-dateutil": {
            "hashes": [],
            "version": "==2.7.5"
        },
        "pytz": {
            "hashes": [],
            "version": "==2018.7"
        },
        "requests": {
            "hashes": [],
            "version": "==2.20.0"
        },
        "six": {
            "hashes": [],
            "version": "==1.11.0"
        },
        "spotipy": {
            "hashes": [],
            "version": "==2.4.4"
        },
        "urllib3": {
            "hashes": [],
            "version": "==1.24"
        }
    },
    "develop": {
        "astroid": {
            "hashes": [],
            "version": "==2.0.4"
        },
        "colorama": {
            "hashes": [],
            "markers": "sys_platform == 'win32'",
            "version": "==0.4.0"
        },
        "isort": {
            "hashes": [],
            "version": "==4.3.4"
        },
        "lazy-object-proxy": {
            "hashes": [],
            "version": "==1.3.1"
        },
        "mccabe": {
            "hashes": [],
            "version": "==0.6.1"
        },
        "pylint": {
            "hashes": [],
            "version": "==2.1.1"
        },
        "rope": {
            "hashes": [],
            "version": "==0.11.0"
        },
        "six": {
            "hashes": [],
            "version": "==1.11.0"
        },
        "typed-ast": {
            "hashes": [],
            "markers": "python_version < '3.7' and implementation_name == 'cpython'",
            "version": "==1.1.0"
        },
        "wrapt": {
            "hashes": [],
            "version": "==1.10.11"
        }
    }
}
